<?xml version="1.0" encoding="utf-8"?>
<Project ToolsVersion="4.0" xmlns="http://schemas.microsoft.com/developer/msbuild/2003">
  <ItemGroup>
    <Filter Include="Source Files">
      <UniqueIdentifier>{4FC737F1-C7A5-4376-A066-2A32D752A2FF}</UniqueIdentifier>
      <Extensions>cpp;c;cc;cxx;def;odl;idl;hpj;bat;asm;asmx</Extensions>
    </Filter>
    <Filter Include="Header Files">
      <UniqueIdentifier>{93995380-89BD-4b04-88EB-625FBE52EBFB}</UniqueIdentifier>
      <Extensions>h;hpp;hxx;hm;inl;inc;xsd</Extensions>
    </Filter>
    <Filter Include="Resource Files">
      <UniqueIdentifier>{67DA6AB6-F800-4c08-8B7A-83BB121AAD01}</UniqueIdentifier>
      <Extensions>rc;ico;cur;bmp;dlg;rc2;rct;bin;rgs;gif;jpg;jpeg;jpe;resx;tiff;tif;png;wav;mfcribbon-ms</Extensions>
    </Filter>
  </ItemGroup>
  <ItemGroup>
    <None Include="ReadMe.txt" />
  </ItemGroup>
  <ItemGroup>
    <ClInclude Include="targetver.h">
      <Filter>Header Files</Filter>
    </ClInclude>
    <ClInclude Include="includeRSHeaders.h">
      <Filter>Header Files</Filter>
    </ClInclude>
    <ClInclude Include="Common.h">
      <Filter>Header Files</Filter>
    </ClInclude>
    <ClInclude Include="ReadArguments.h">
      <Filter>Header Files</Filter>
    </ClInclude>
    <ClInclude Include="Settings.h">
      <Filter>Header Files</Filter>
    </ClInclude>
    <ClInclude Include="SetupGL.h">
      <Filter>Header Files</Filter>
    </ClInclude>
    <ClInclude Include="ResizeGL.h">
      <Filter>Header Files</Filter>
    </ClInclude>
    <ClInclude Include="KeyboardControls.h">
      <Filter>Header Files</Filter>
    </ClInclude>
    <ClInclude Include="CopyStreamsToMats.h">
      <Filter>Header Files</Filter>
    </ClInclude>
    <ClInclude Include="IdleGL.h">
      <Filter>Header Files</Filter>
    </ClInclude>
    <ClInclude Include="RenderGL.h">
      <Filter>Header Files</Filter>
    </ClInclude>
    <ClInclude Include="RenderSettings.h">
      <Filter>Header Files</Filter>
    </ClInclude>
    <ClInclude Include="ContourFunctions.h">
      <Filter>Header Files</Filter>
    </ClInclude>
    <ClInclude Include="Constants.h">
      <Filter>Header Files</Filter>
    </ClInclude>
    <ClInclude Include="Enums.h">
      <Filter>Header Files</Filter>
    </ClInclude>
    <ClInclude Include="LineFunctions.h">
      <Filter>Header Files</Filter>
    </ClInclude>
    <ClInclude Include="RenderCV.h">
      <Filter>Header Files</Filter>
    </ClInclude>
    <ClInclude Include="CChess.h">
      <Filter>Header Files</Filter>
    </ClInclude>
    <ClInclude Include="ObjLoader.h">
      <Filter>Header Files</Filter>
    </ClInclude>
    <ClInclude Include="CBoard.h">
      <Filter>Header Files</Filter>
    </ClInclude>
    <ClInclude Include="CPiece.h">
      <Filter>Header Files</Filter>
    </ClInclude>
    <ClInclude Include="CPawn.h">
      <Filter>Header Files</Filter>
    </ClInclude>
    <ClInclude Include="CKnight.h">
      <Filter>Header Files</Filter>
    </ClInclude>
    <ClInclude Include="CBishop.h">
      <Filter>Header Files</Filter>
    </ClInclude>
    <ClInclude Include="CRook.h">
      <Filter>Header Files</Filter>
    </ClInclude>
    <ClInclude Include="CQueen.h">
      <Filter>Header Files</Filter>
    </ClInclude>
    <ClInclude Include="CKing.h">
      <Filter>Header Files</Filter>
    </ClInclude>
    <ClInclude Include="UCIFunctions.h">
      <Filter>Header Files</Filter>
    </ClInclude>
    <ClInclude Include="CommonObjects.h">
      <Filter>Header Files</Filter>
    </ClInclude>
    <ClInclude Include="PinchPointFunctions.h">
      <Filter>Header Files</Filter>
    </ClInclude>
    <ClInclude Include="CommonOffsets.h">
      <Filter>Header Files</Filter>
    </ClInclude>
    <ClInclude Include="Timer.h">
      <Filter>Header Files</Filter>
    </ClInclude>
  </ItemGroup>
  <ItemGroup>
    <ClCompile Include="ar_chess_aruco_1.cpp">
      <Filter>Source Files</Filter>
    </ClCompile>
    <ClCompile Include="ReadArguments.cpp">
      <Filter>Source Files</Filter>
    </ClCompile>
    <ClCompile Include="Settings.cpp">
      <Filter>Source Files</Filter>
    </ClCompile>
    <ClCompile Include="SetupGL.cpp">
      <Filter>Source Files</Filter>
    </ClCompile>
    <ClCompile Include="ResizeGL.cpp">
      <Filter>Source Files</Filter>
    </ClCompile>
    <ClCompile Include="KeyboardControls.cpp">
      <Filter>Source Files</Filter>
    </ClCompile>
    <ClCompile Include="CopyStreamsToMats.cpp">
      <Filter>Source Files</Filter>
    </ClCompile>
    <ClCompile Include="IdleGL.cpp">
      <Filter>Source Files</Filter>
    </ClCompile>
    <ClCompile Include="RenderGL.cpp">
      <Filter>Source Files</Filter>
    </ClCompile>
    <ClCompile Include="RenderSettings.cpp">
      <Filter>Source Files</Filter>
    </ClCompile>
    <ClCompile Include="ContourFunctions.cpp">
      <Filter>Source Files</Filter>
    </ClCompile>
    <ClCompile Include="LineFunctions.cpp">
      <Filter>Source Files</Filter>
    </ClCompile>
    <ClCompile Include="RenderCV.cpp">
      <Filter>Source Files</Filter>
    </ClCompile>
    <ClCompile Include="CChess.cpp">
      <Filter>Source Files</Filter>
    </ClCompile>
    <ClCompile Include="ObjLoader.cpp">
      <Filter>Source Files</Filter>
    </ClCompile>
    <ClCompile Include="CBoard.cpp">
      <Filter>Source Files</Filter>
    </ClCompile>
    <ClCompile Include="CPiece.cpp">
      <Filter>Source Files</Filter>
    </ClCompile>
    <ClCompile Include="CPawn.cpp">
      <Filter>Source Files</Filter>
    </ClCompile>
    <ClCompile Include="CKnight.cpp">
      <Filter>Source Files</Filter>
    </ClCompile>
    <ClCompile Include="CBishop.cpp">
      <Filter>Source Files</Filter>
    </ClCompile>
    <ClCompile Include="CRook.cpp">
      <Filter>Source Files</Filter>
    </ClCompile>
    <ClCompile Include="CQueen.cpp">
      <Filter>Source Files</Filter>
    </ClCompile>
    <ClCompile Include="CKing.cpp">
      <Filter>Source Files</Filter>
    </ClCompile>
    <ClCompile Include="UCIFunctions.cpp">
      <Filter>Source Files</Filter>
    </ClCompile>
    <ClCompile Include="Common.cpp">
      <Filter>Source Files</Filter>
    </ClCompile>
    <ClCompile Include="CommonObjects.cpp">
      <Filter>Source Files</Filter>
    </ClCompile>
    <ClCompile Include="PinchPointFunctions.cpp">
      <Filter>Source Files</Filter>
    </ClCompile>
    <ClCompile Include="Timer.cpp">
      <Filter>Source Files</Filter>
    </ClCompile>
  </ItemGroup>
</Project>